
Microsoft Visual Studio Solution File, Format Version 12.00
# Visual Studio Version 16
VisualStudioVersion = 16.0.31424.327
MinimumVisualStudioVersion = 10.0.40219.1
Project("{FAE04EC0-301F-11D3-BF4B-00C04F79EFBC}") = "AoC Day 01", "AoC Day 01\AoC Day 01.csproj", "{F644A3FB-7885-4085-94FF-1572894D8DCB}"
EndProject
Global
	GlobalSection(SolutionConfigurationPlatforms) = preSolution
		Debug|Any CPU = Debug|Any CPU
		Release|Any CPU = Release|Any CPU
	EndGlobalSection
	GlobalSection(ProjectConfigurationPlatforms) = postSolution
		{F644A3FB-7885-4085-94FF-1572894D8DCB}.Debug|Any CPU.ActiveCfg = Debug|Any CPU
		{F644A3FB-7885-4085-94FF-1572894D8DCB}.Debug|Any CPU.Build.0 = Debug|Any CPU
		{F644A3FB-7885-4085-94FF-1572894D8DCB}.Release|Any CPU.ActiveCfg = Release|Any CPU
		{F644A3FB-7885-4085-94FF-1572894D8DCB}.Release|Any CPU.Build.0 = Release|Any CPU
	EndGlobalSection
	GlobalSection(SolutionProperties) = preSolution
		HideSolutionNode = FALSE
	EndGlobalSection
	GlobalSection(ExtensibilityGlobals) = postSolution
		SolutionGuid = {82FE2AD3-82ED-4080-A512-35705EF3A299}
	EndGlobalSection
EndGlobal
