
Microsoft Visual Studio Solution File, Format Version 12.00
# Visual Studio Version 16
VisualStudioVersion = 16.0.31424.327
MinimumVisualStudioVersion = 10.0.40219.1
Project("{FAE04EC0-301F-11D3-BF4B-00C04F79EFBC}") = "AoC Day 20", "AoC Day 20\AoC Day 20.csproj", "{E7BAC4B4-0B58-4F60-8656-E81BC8747011}"
EndProject
Global
	GlobalSection(SolutionConfigurationPlatforms) = preSolution
		Debug|Any CPU = Debug|Any CPU
		Release|Any CPU = Release|Any CPU
	EndGlobalSection
	GlobalSection(ProjectConfigurationPlatforms) = postSolution
		{E7BAC4B4-0B58-4F60-8656-E81BC8747011}.Debug|Any CPU.ActiveCfg = Debug|Any CPU
		{E7BAC4B4-0B58-4F60-8656-E81BC8747011}.Debug|Any CPU.Build.0 = Debug|Any CPU
		{E7BAC4B4-0B58-4F60-8656-E81BC8747011}.Release|Any CPU.ActiveCfg = Release|Any CPU
		{E7BAC4B4-0B58-4F60-8656-E81BC8747011}.Release|Any CPU.Build.0 = Release|Any CPU
	EndGlobalSection
	GlobalSection(SolutionProperties) = preSolution
		HideSolutionNode = FALSE
	EndGlobalSection
	GlobalSection(ExtensibilityGlobals) = postSolution
		SolutionGuid = {EC72204C-96B1-49FC-9977-59176CD221B3}
	EndGlobalSection
EndGlobal
